
Microsoft Visual Studio Solution File, Format Version 12.00
Project("{FAE04EC0-301F-11D3-BF4B-00C04F79EFBC}") = "ComputeAsync", "ComputeAsync\ComputeAsync.csproj", "{F94550BA-5266-4B8B-8B84-394600671CB3}"
EndProject
Project("{FAE04EC0-301F-11D3-BF4B-00C04F79EFBC}") = "Tests", "Tests\Tests.csproj", "{2DF4CFDC-D3A4-4530-B968-469C1725A2FD}"
EndProject
Global
	GlobalSection(SolutionConfigurationPlatforms) = preSolution
		Debug|Any CPU = Debug|Any CPU
		Release|Any CPU = Release|Any CPU
	EndGlobalSection
	GlobalSection(ProjectConfigurationPlatforms) = postSolution
		{F94550BA-5266-4B8B-8B84-394600671CB3}.Debug|Any CPU.ActiveCfg = Debug|Any CPU
		{F94550BA-5266-4B8B-8B84-394600671CB3}.Debug|Any CPU.Build.0 = Debug|Any CPU
		{F94550BA-5266-4B8B-8B84-394600671CB3}.Release|Any CPU.ActiveCfg = Release|Any CPU
		{F94550BA-5266-4B8B-8B84-394600671CB3}.Release|Any CPU.Build.0 = Release|Any CPU
		{2DF4CFDC-D3A4-4530-B968-469C1725A2FD}.Debug|Any CPU.ActiveCfg = Debug|Any CPU
		{2DF4CFDC-D3A4-4530-B968-469C1725A2FD}.Debug|Any CPU.Build.0 = Debug|Any CPU
		{2DF4CFDC-D3A4-4530-B968-469C1725A2FD}.Release|Any CPU.ActiveCfg = Release|Any CPU
		{2DF4CFDC-D3A4-4530-B968-469C1725A2FD}.Release|Any CPU.Build.0 = Release|Any CPU
	EndGlobalSection
EndGlobal
